
Microsoft Visual Studio Solution File, Format Version 12.00
# Visual Studio Version 16
VisualStudioVersion = 16.0.32002.261
MinimumVisualStudioVersion = 10.0.40219.1
Project("{FAE04EC0-301F-11D3-BF4B-00C04F79EFBC}") = "InMemoStudentWebApi", "InMemoStudentWebApi\InMemoStudentWebApi.csproj", "{D0BA7984-241A-4C2D-A4BC-69B0E5BBAA6B}"
EndProject
Global
	GlobalSection(SolutionConfigurationPlatforms) = preSolution
		Debug|Any CPU = Debug|Any CPU
		Release|Any CPU = Release|Any CPU
	EndGlobalSection
	GlobalSection(ProjectConfigurationPlatforms) = postSolution
		{D0BA7984-241A-4C2D-A4BC-69B0E5BBAA6B}.Debug|Any CPU.ActiveCfg = Debug|Any CPU
		{D0BA7984-241A-4C2D-A4BC-69B0E5BBAA6B}.Debug|Any CPU.Build.0 = Debug|Any CPU
		{D0BA7984-241A-4C2D-A4BC-69B0E5BBAA6B}.Release|Any CPU.ActiveCfg = Release|Any CPU
		{D0BA7984-241A-4C2D-A4BC-69B0E5BBAA6B}.Release|Any CPU.Build.0 = Release|Any CPU
	EndGlobalSection
	GlobalSection(SolutionProperties) = preSolution
		HideSolutionNode = FALSE
	EndGlobalSection
	GlobalSection(ExtensibilityGlobals) = postSolution
		SolutionGuid = {1BF0A820-6F37-4202-9675-2B7591C2F5D1}
	EndGlobalSection
EndGlobal
